
Microsoft Visual Studio Solution File, Format Version 12.00
# Visual Studio Version 16
VisualStudioVersion = 16.0.30907.101
MinimumVisualStudioVersion = 10.0.40219.1
Project("{FAE04EC0-301F-11D3-BF4B-00C04F79EFBC}") = "Calculator1", "Calculator1\Calculator1.csproj", "{F30F57B6-508A-4DC7-BE78-518154F076E5}"
EndProject
Project("{FAE04EC0-301F-11D3-BF4B-00C04F79EFBC}") = "calculator2", "calculator2\calculator2.csproj", "{B46D0899-134D-42C3-BD1D-1177FF6B59FC}"
EndProject
Global
	GlobalSection(SolutionConfigurationPlatforms) = preSolution
		Debug|Any CPU = Debug|Any CPU
		Release|Any CPU = Release|Any CPU
	EndGlobalSection
	GlobalSection(ProjectConfigurationPlatforms) = postSolution
		{F30F57B6-508A-4DC7-BE78-518154F076E5}.Debug|Any CPU.ActiveCfg = Debug|Any CPU
		{F30F57B6-508A-4DC7-BE78-518154F076E5}.Debug|Any CPU.Build.0 = Debug|Any CPU
		{F30F57B6-508A-4DC7-BE78-518154F076E5}.Release|Any CPU.ActiveCfg = Release|Any CPU
		{F30F57B6-508A-4DC7-BE78-518154F076E5}.Release|Any CPU.Build.0 = Release|Any CPU
		{B46D0899-134D-42C3-BD1D-1177FF6B59FC}.Debug|Any CPU.ActiveCfg = Debug|Any CPU
		{B46D0899-134D-42C3-BD1D-1177FF6B59FC}.Debug|Any CPU.Build.0 = Debug|Any CPU
		{B46D0899-134D-42C3-BD1D-1177FF6B59FC}.Release|Any CPU.ActiveCfg = Release|Any CPU
		{B46D0899-134D-42C3-BD1D-1177FF6B59FC}.Release|Any CPU.Build.0 = Release|Any CPU
	EndGlobalSection
	GlobalSection(SolutionProperties) = preSolution
		HideSolutionNode = FALSE
	EndGlobalSection
	GlobalSection(ExtensibilityGlobals) = postSolution
		SolutionGuid = {1C4ED7C2-3A30-4117-8908-BBFE2CD89490}
	EndGlobalSection
EndGlobal
